
Microsoft Visual Studio Solution File, Format Version 12.00
# Visual Studio Version 16
VisualStudioVersion = 16.0.31019.35
MinimumVisualStudioVersion = 10.0.40219.1
Project("{FAE04EC0-301F-11D3-BF4B-00C04F79EFBC}") = "MeetingRoomReservation.1Shared", "MeetingRoomReservation.1Shared\MeetingRoomReservation.1Shared.csproj", "{2DAFA1CE-E03B-42D6-B0D0-E9338A913EC1}"
EndProject
Project("{FAE04EC0-301F-11D3-BF4B-00C04F79EFBC}") = "MeetingRoomReservation.2Entities", "MeetingRoomReservation.2Entities\MeetingRoomReservation.2Entities.csproj", "{12A003D5-2C56-4BBE-9698-6E94B483BEA5}"
EndProject
Project("{FAE04EC0-301F-11D3-BF4B-00C04F79EFBC}") = "MeetingRoomReservation.3Data", "MeetingRoomReservation.3Data\MeetingRoomReservation.3Data.csproj", "{716E155E-C12A-43B3-B346-4F9055F50D1B}"
EndProject
Project("{FAE04EC0-301F-11D3-BF4B-00C04F79EFBC}") = "MeetingRoomReservation.4Services", "MeetingRoomReservation.4Services\MeetingRoomReservation.4Services.csproj", "{C28AB9DD-B963-4FB9-8E29-4B6C232F3280}"
EndProject
Project("{FAE04EC0-301F-11D3-BF4B-00C04F79EFBC}") = "MeetingRoomReservation.5MVC", "MeetingRoomReservation.5MVC\MeetingRoomReservation.5MVC.csproj", "{35327B63-9C10-4164-9543-247B5036172C}"
EndProject
Global
	GlobalSection(SolutionConfigurationPlatforms) = preSolution
		Debug|Any CPU = Debug|Any CPU
		Release|Any CPU = Release|Any CPU
	EndGlobalSection
	GlobalSection(ProjectConfigurationPlatforms) = postSolution
		{2DAFA1CE-E03B-42D6-B0D0-E9338A913EC1}.Debug|Any CPU.ActiveCfg = Debug|Any CPU
		{2DAFA1CE-E03B-42D6-B0D0-E9338A913EC1}.Debug|Any CPU.Build.0 = Debug|Any CPU
		{2DAFA1CE-E03B-42D6-B0D0-E9338A913EC1}.Release|Any CPU.ActiveCfg = Release|Any CPU
		{2DAFA1CE-E03B-42D6-B0D0-E9338A913EC1}.Release|Any CPU.Build.0 = Release|Any CPU
		{12A003D5-2C56-4BBE-9698-6E94B483BEA5}.Debug|Any CPU.ActiveCfg = Debug|Any CPU
		{12A003D5-2C56-4BBE-9698-6E94B483BEA5}.Debug|Any CPU.Build.0 = Debug|Any CPU
		{12A003D5-2C56-4BBE-9698-6E94B483BEA5}.Release|Any CPU.ActiveCfg = Release|Any CPU
		{12A003D5-2C56-4BBE-9698-6E94B483BEA5}.Release|Any CPU.Build.0 = Release|Any CPU
		{716E155E-C12A-43B3-B346-4F9055F50D1B}.Debug|Any CPU.ActiveCfg = Debug|Any CPU
		{716E155E-C12A-43B3-B346-4F9055F50D1B}.Debug|Any CPU.Build.0 = Debug|Any CPU
		{716E155E-C12A-43B3-B346-4F9055F50D1B}.Release|Any CPU.ActiveCfg = Release|Any CPU
		{716E155E-C12A-43B3-B346-4F9055F50D1B}.Release|Any CPU.Build.0 = Release|Any CPU
		{C28AB9DD-B963-4FB9-8E29-4B6C232F3280}.Debug|Any CPU.ActiveCfg = Debug|Any CPU
		{C28AB9DD-B963-4FB9-8E29-4B6C232F3280}.Debug|Any CPU.Build.0 = Debug|Any CPU
		{C28AB9DD-B963-4FB9-8E29-4B6C232F3280}.Release|Any CPU.ActiveCfg = Release|Any CPU
		{C28AB9DD-B963-4FB9-8E29-4B6C232F3280}.Release|Any CPU.Build.0 = Release|Any CPU
		{35327B63-9C10-4164-9543-247B5036172C}.Debug|Any CPU.ActiveCfg = Debug|Any CPU
		{35327B63-9C10-4164-9543-247B5036172C}.Debug|Any CPU.Build.0 = Debug|Any CPU
		{35327B63-9C10-4164-9543-247B5036172C}.Release|Any CPU.ActiveCfg = Release|Any CPU
		{35327B63-9C10-4164-9543-247B5036172C}.Release|Any CPU.Build.0 = Release|Any CPU
	EndGlobalSection
	GlobalSection(SolutionProperties) = preSolution
		HideSolutionNode = FALSE
	EndGlobalSection
	GlobalSection(ExtensibilityGlobals) = postSolution
		SolutionGuid = {F2F52BD0-A2C2-49B8-ACF2-35CFE12B1123}
	EndGlobalSection
EndGlobal
